{
  "version": 4,
  "terraform_version": "1.15.5",
  "serial": 93,
  "lineage": "a618bb78-1d4e-370d-6276-4e286f4a938d",
  "outputs": {
    "application_gateway_subnet_id": {
      "value": "/subscriptions/fa790eea-37cd-4058-bf6b-fddac2096623/resourceGroups/rg-ukg-app-tier/providers/Microsoft.Network/virtualNetworks/vnet-ukg-app/subnets/snet-application-gateway",
      "type": "string"
    },
    "application_public_ip": {
      "value": "74.249.169.162",
      "type": "string"
    },
    "application_subnet_id": {
      "value": "/subscriptions/fa790eea-37cd-4058-bf6b-fddac2096623/resourceGroups/rg-ukg-app-tier/providers/Microsoft.Network/virtualNetworks/vnet-ukg-app/subnets/snet-application",
      "type": "string"
    },
    "data_subnet_id": {
      "value": "/subscriptions/fa790eea-37cd-4058-bf6b-fddac2096623/resourceGroups/rg-ukg-app-tier/providers/Microsoft.Network/virtualNetworks/vnet-ukg-app/subnets/snet-data",
      "type": "string"
    },
    "location": {
      "value": "centralus",
      "type": "string"
    },
    "resource_group_name": {
      "value": "rg-ukg-app-tier",
      "type": "string"
    },
    "sql_database_name": {
      "value": "ukgdb",
      "type": "string"
    },
    "sql_server_name": {
      "value": "sql-ukg-app-4643",
      "type": "string"
    },
    "virtual_network_name": {
      "value": "vnet-ukg-app",
      "type": "string"
    }
  },
  "resources": [
    {
      "mode": "managed",
      "type": "azurerm_application_gateway",
      "name": "ukg",
      "provider": "provider[\"registry.terraform.io/hashicorp/azurerm\"]",
      "instances": [
        {
          "schema_version": 0,
          "attributes": {
            "authentication_certificate": [],
            "autoscale_configuration": [],
            "backend": [],
            "backend_address_pool": [
              {
                "fqdns": [],
                "id": "/subscriptions/fa790eea-37cd-4058-bf6b-fddac2096623/resourceGroups/rg-ukg-app-tier/providers/Microsoft.Network/applicationGateways/agw-ukg-app/backendAddressPools/backend-pool",
                "ip_addresses": [
                  "10.0.2.4"
                ],
                "name": "backend-pool"
              }
            ],
            "backend_http_settings": [
              {
                "affinity_cookie_name": "",
                "authentication_certificate": [],
                "certificate_chain_validation_enabled": true,
                "connection_draining": [],
                "cookie_based_affinity": "Disabled",
                "dedicated_backend_connection_enabled": false,
                "host_name": "",
                "id": "/subscriptions/fa790eea-37cd-4058-bf6b-fddac2096623/resourceGroups/rg-ukg-app-tier/providers/Microsoft.Network/applicationGateways/agw-ukg-app/backendHttpSettingsCollection/http-settings",
                "name": "http-settings",
                "path": "",
                "pick_host_name_from_backend_address": false,
                "port": 80,
                "probe_id": "",
                "probe_name": "",
                "protocol": "Http",
                "request_timeout": 30,
                "sni_name": "",
                "sni_validation_enabled": true,
                "trusted_root_certificate_names": []
              }
            ],
            "custom_error_configuration": [],
            "enable_http2": false,
            "fips_enabled": false,
            "firewall_policy_id": "",
            "force_firewall_policy_association": false,
            "frontend_ip_configuration": [
              {
                "id": "/subscriptions/fa790eea-37cd-4058-bf6b-fddac2096623/resourceGroups/rg-ukg-app-tier/providers/Microsoft.Network/applicationGateways/agw-ukg-app/frontendIPConfigurations/frontend-ip",
                "name": "frontend-ip",
                "private_ip_address": "",
                "private_ip_address_allocation": "Dynamic",
                "private_link_configuration_id": "",
                "private_link_configuration_name": "",
                "public_ip_address_id": "/subscriptions/fa790eea-37cd-4058-bf6b-fddac2096623/resourceGroups/rg-ukg-app-tier/providers/Microsoft.Network/publicIPAddresses/pip-agw-ukg",
                "subnet_id": ""
              }
            ],
            "frontend_port": [
              {
                "id": "/subscriptions/fa790eea-37cd-4058-bf6b-fddac2096623/resourceGroups/rg-ukg-app-tier/providers/Microsoft.Network/applicationGateways/agw-ukg-app/frontendPorts/http-port",
                "name": "http-port",
                "port": 80
              }
            ],
            "gateway_ip_configuration": [
              {
                "id": "/subscriptions/fa790eea-37cd-4058-bf6b-fddac2096623/resourceGroups/rg-ukg-app-tier/providers/Microsoft.Network/applicationGateways/agw-ukg-app/gatewayIPConfigurations/gateway-ip-config",
                "name": "gateway-ip-config",
                "subnet_id": "/subscriptions/fa790eea-37cd-4058-bf6b-fddac2096623/resourceGroups/rg-ukg-app-tier/providers/Microsoft.Network/virtualNetworks/vnet-ukg-app/subnets/snet-application-gateway"
              }
            ],
            "global": [],
            "http2_enabled": false,
            "http_listener": [
              {
                "custom_error_configuration": [],
                "firewall_policy_id": "",
                "frontend_ip_configuration_id": "/subscriptions/fa790eea-37cd-4058-bf6b-fddac2096623/resourceGroups/rg-ukg-app-tier/providers/Microsoft.Network/applicationGateways/agw-ukg-app/frontendIPConfigurations/frontend-ip",
                "frontend_ip_configuration_name": "frontend-ip",
                "frontend_port_id": "/subscriptions/fa790eea-37cd-4058-bf6b-fddac2096623/resourceGroups/rg-ukg-app-tier/providers/Microsoft.Network/applicationGateways/agw-ukg-app/frontendPorts/http-port",
                "frontend_port_name": "http-port",
                "host_name": "",
                "host_names": [],
                "id": "/subscriptions/fa790eea-37cd-4058-bf6b-fddac2096623/resourceGroups/rg-ukg-app-tier/providers/Microsoft.Network/applicationGateways/agw-ukg-app/httpListeners/http-listener",
                "name": "http-listener",
                "protocol": "Http",
                "require_sni": false,
                "ssl_certificate_id": "",
                "ssl_certificate_name": "",
                "ssl_profile_id": "",
                "ssl_profile_name": ""
              }
            ],
            "id": "/subscriptions/fa790eea-37cd-4058-bf6b-fddac2096623/resourceGroups/rg-ukg-app-tier/providers/Microsoft.Network/applicationGateways/agw-ukg-app",
            "identity": [],
            "listener": [],
            "location": "centralus",
            "name": "agw-ukg-app",
            "private_endpoint_connection": [],
            "private_link_configuration": [],
            "probe": [],
            "redirect_configuration": [],
            "request_routing_rule": [
              {
                "backend_address_pool_id": "/subscriptions/fa790eea-37cd-4058-bf6b-fddac2096623/resourceGroups/rg-ukg-app-tier/providers/Microsoft.Network/applicationGateways/agw-ukg-app/backendAddressPools/backend-pool",
                "backend_address_pool_name": "backend-pool",
                "backend_http_settings_id": "/subscriptions/fa790eea-37cd-4058-bf6b-fddac2096623/resourceGroups/rg-ukg-app-tier/providers/Microsoft.Network/applicationGateways/agw-ukg-app/backendHttpSettingsCollection/http-settings",
                "backend_http_settings_name": "http-settings",
                "http_listener_id": "/subscriptions/fa790eea-37cd-4058-bf6b-fddac2096623/resourceGroups/rg-ukg-app-tier/providers/Microsoft.Network/applicationGateways/agw-ukg-app/httpListeners/http-listener",
                "http_listener_name": "http-listener",
                "id": "/subscriptions/fa790eea-37cd-4058-bf6b-fddac2096623/resourceGroups/rg-ukg-app-tier/providers/Microsoft.Network/applicationGateways/agw-ukg-app/requestRoutingRules/routing-rule",
                "name": "routing-rule",
                "priority": 100,
                "redirect_configuration_id": "",
                "redirect_configuration_name": "",
                "rewrite_rule_set_id": "",
                "rewrite_rule_set_name": "",
                "rule_type": "Basic",
                "url_path_map_id": "",
                "url_path_map_name": ""
              }
            ],
            "resource_group_name": "rg-ukg-app-tier",
            "rewrite_rule_set": [],
            "routing_rule": [],
            "sku": [
              {
                "capacity": 1,
                "name": "Standard_v2",
                "tier": "Standard_v2"
              }
            ],
            "ssl_certificate": [],
            "ssl_policy": [
              {
                "cipher_suites": [],
                "disabled_protocols": [],
                "min_protocol_version": "",
                "policy_name": "AppGwSslPolicy20220101",
                "policy_type": "Predefined"
              }
            ],
            "ssl_profile": [],
            "tags": {},
            "timeouts": null,
            "trusted_client_certificate": [],
            "trusted_root_certificate": [],
            "url_path_map": [],
            "waf_configuration": [],
            "zones": []
          },
          "sensitive_attributes": [],
          "identity_schema_version": 0,
          "identity": {
            "name": "agw-ukg-app",
            "resource_group_name": "rg-ukg-app-tier",
            "subscription_id": "fa790eea-37cd-4058-bf6b-fddac2096623"
          },
          "private": "eyJlMmJmYjczMC1lY2FhLTExZTYtOGY4OC0zNDM2M2JjN2M0YzAiOnsiY3JlYXRlIjo1NDAwMDAwMDAwMDAwLCJkZWxldGUiOjU0MDAwMDAwMDAwMDAsInJlYWQiOjMwMDAwMDAwMDAwMCwidXBkYXRlIjo1NDAwMDAwMDAwMDAwfX0=",
          "dependencies": [
            "azurerm_network_interface.application",
            "azurerm_public_ip.application",
            "azurerm_public_ip.application_gateway",
            "azurerm_resource_group.ukg",
            "azurerm_subnet.application",
            "azurerm_subnet.application_gateway",
            "azurerm_virtual_network.ukg"
          ]
        }
      ]
    },
    {
      "mode": "managed",
      "type": "azurerm_linux_virtual_machine",
      "name": "application",
      "provider": "provider[\"registry.terraform.io/hashicorp/azurerm\"]",
      "instances": [
        {
          "schema_version": 0,
          "attributes": {
            "additional_capabilities": [],
            "admin_password": "Novnov07!",
            "admin_ssh_key": [],
            "admin_username": "azureadmin",
            "allow_extension_operations": true,
            "availability_set_id": "",
            "boot_diagnostics": [],
            "bypass_platform_safety_checks_on_user_schedule_enabled": false,
            "capacity_reservation_group_id": "",
            "computer_name": "vm-ukg-app",
            "custom_data": "IyEvYmluL2Jhc2gNCmFwdC1nZXQgdXBkYXRlIC15DQphcHQtZ2V0IGluc3RhbGwgLXkgbmdpbngNCg0KY2F0ID4gL3Zhci93d3cvaHRtbC9pbmRleC5odG1sIDw8J0hUTUwnDQo8IURPQ1RZUEUgaHRtbD4NCjxodG1sPg0KPGhlYWQ+DQogIDx0aXRsZT5VS0ctU3R5bGUgSFIgUGxhdGZvcm08L3RpdGxlPg0KICA8c3R5bGU+DQogICAgYm9keSB7DQogICAgICBmb250LWZhbWlseTogQXJpYWwsIHNhbnMtc2VyaWY7DQogICAgICB0ZXh0LWFsaWduOiBjZW50ZXI7DQogICAgICBwYWRkaW5nLXRvcDogODBweDsNCiAgICAgIGJhY2tncm91bmQ6ICNmNGY3ZmI7DQogICAgfQ0KICAgIC5jYXJkIHsNCiAgICAgIGJhY2tncm91bmQ6IHdoaXRlOw0KICAgICAgbWF4LXdpZHRoOiA2NTBweDsNCiAgICAgIG1hcmdpbjogYXV0bzsNCiAgICAgIHBhZGRpbmc6IDQwcHg7DQogICAgICBib3JkZXItcmFkaXVzOiAxMnB4Ow0KICAgICAgYm94LXNoYWRvdzogMCA0cHggMThweCByZ2JhKDAsMCwwLDAuMTIpOw0KICAgIH0NCiAgPC9zdHlsZT4NCjwvaGVhZD4NCjxib2R5Pg0KICA8ZGl2IGNsYXNzPSJjYXJkIj4NCiAgICA8aDE+RW50ZXJwcmlzZSBIUiBTYWFTIFBsYXRmb3JtPC9oMT4NCiAgICA8cD5VS0ctc3R5bGUgYXBwbGljYXRpb24gaG9zdGVkIG9uIE1pY3Jvc29mdCBBenVyZS48L3A+DQogICAgPHA+QXBwbGljYXRpb24gVGllcjogT25saW5lPC9wPg0KICA8L2Rpdj4NCjwvYm9keT4NCjwvaHRtbD4NCkhUTUwNCg0Kc3lzdGVtY3RsIGVuYWJsZSBuZ2lueA0Kc3lzdGVtY3RsIHJlc3RhcnQgbmdpbngNCg==",
            "dedicated_host_group_id": "",
            "dedicated_host_id": "",
            "disable_password_authentication": false,
            "disk_controller_type": "SCSI",
            "edge_zone": "",
            "encryption_at_host_enabled": false,
            "eviction_policy": "",
            "extensions_time_budget": "PT1H30M",
            "gallery_application": [],
            "id": "/subscriptions/fa790eea-37cd-4058-bf6b-fddac2096623/resourceGroups/rg-ukg-app-tier/providers/Microsoft.Compute/virtualMachines/vm-ukg-app",
            "identity": [],
            "license_type": "",
            "location": "centralus",
            "max_bid_price": -1,
            "name": "vm-ukg-app",
            "network_interface_ids": [
              "/subscriptions/fa790eea-37cd-4058-bf6b-fddac2096623/resourceGroups/rg-ukg-app-tier/providers/Microsoft.Network/networkInterfaces/nic-ukg-app"
            ],
            "os_disk": [
              {
                "caching": "ReadWrite",
                "diff_disk_settings": [],
                "disk_encryption_set_id": "",
                "disk_size_gb": 30,
                "id": "/subscriptions/fa790eea-37cd-4058-bf6b-fddac2096623/resourceGroups/rg-ukg-app-tier/providers/Microsoft.Compute/disks/osdisk-ukg-app",
                "name": "osdisk-ukg-app",
                "secure_vm_disk_encryption_set_id": "",
                "security_encryption_type": "",
                "storage_account_type": "Standard_LRS",
                "write_accelerator_enabled": false
              }
            ],
            "os_image_notification": [],
            "os_managed_disk_id": "/subscriptions/fa790eea-37cd-4058-bf6b-fddac2096623/resourceGroups/rg-ukg-app-tier/providers/Microsoft.Compute/disks/osdisk-ukg-app",
            "patch_assessment_mode": "ImageDefault",
            "patch_mode": "ImageDefault",
            "plan": [],
            "platform_fault_domain": -1,
            "priority": "Regular",
            "private_ip_address": "10.0.2.4",
            "private_ip_addresses": [
              "10.0.2.4"
            ],
            "provision_vm_agent": true,
            "proximity_placement_group_id": "",
            "public_ip_address": "74.249.169.162",
            "public_ip_addresses": [
              "74.249.169.162"
            ],
            "reboot_setting": "",
            "resource_group_name": "rg-ukg-app-tier",
            "secret": [],
            "secure_boot_enabled": false,
            "size": "Standard_B2pts_v2",
            "source_image_id": "",
            "source_image_reference": [
              {
                "offer": "ubuntu-24_04-lts",
                "publisher": "Canonical",
                "sku": "server-arm64",
                "version": "latest"
              }
            ],
            "tags": {
              "Environment": "Development",
              "ManagedBy": "Terraform",
              "Project": "Azure UKG App Tier"
            },
            "termination_notification": [],
            "timeouts": null,
            "user_data": "",
            "virtual_machine_id": "ba13afd1-202d-4a14-a563-3e8d56a2a404",
            "virtual_machine_scale_set_id": "",
            "vm_agent_platform_updates_enabled": false,
            "vtpm_enabled": false,
            "zone": ""
          },
          "sensitive_attributes": [
            [
              {
                "type": "get_attr",
                "value": "admin_password"
              }
            ],
            [
              {
                "type": "get_attr",
                "value": "custom_data"
              }
            ]
          ],
          "identity_schema_version": 0,
          "private": "eyJlMmJmYjczMC1lY2FhLTExZTYtOGY4OC0zNDM2M2JjN2M0YzAiOnsiY3JlYXRlIjoyNzAwMDAwMDAwMDAwLCJkZWxldGUiOjI3MDAwMDAwMDAwMDAsInJlYWQiOjMwMDAwMDAwMDAwMCwidXBkYXRlIjoyNzAwMDAwMDAwMDAwfX0=",
          "dependencies": [
            "azurerm_network_interface.application",
            "azurerm_public_ip.application",
            "azurerm_resource_group.ukg",
            "azurerm_subnet.application",
            "azurerm_virtual_network.ukg"
          ]
        }
      ]
    },
    {
      "mode": "managed",
      "type": "azurerm_mssql_database",
      "name": "database",
      "provider": "provider[\"registry.terraform.io/hashicorp/azurerm\"]",
      "instances": [
        {
          "schema_version": 1,
          "attributes": {
            "auto_pause_delay_in_minutes": 0,
            "collation": "SQL_Latin1_General_CP1_CI_AS",
            "create_mode": "Default",
            "creation_source_database_id": null,
            "elastic_pool_id": "",
            "enclave_type": "",
            "geo_backup_enabled": true,
            "id": "/subscriptions/fa790eea-37cd-4058-bf6b-fddac2096623/resourceGroups/rg-ukg-app-tier/providers/Microsoft.Sql/servers/sql-ukg-app-4643/databases/ukgdb",
            "identity": [],
            "import": [],
            "ledger_enabled": false,
            "license_type": "",
            "long_term_retention_policy": [
              {
                "immutable_backups_enabled": false,
                "monthly_retention": "PT0S",
                "week_of_year": 1,
                "weekly_retention": "PT0S",
                "yearly_retention": "PT0S"
              }
            ],
            "maintenance_configuration_name": "SQL_Default",
            "max_size_gb": 2,
            "min_capacity": 0,
            "name": "ukgdb",
            "read_replica_count": 0,
            "read_scale": false,
            "recover_database_id": null,
            "recovery_point_id": null,
            "restore_dropped_database_id": null,
            "restore_long_term_retention_backup_id": null,
            "restore_point_in_time": null,
            "sample_name": null,
            "secondary_type": "",
            "server_id": "/subscriptions/fa790eea-37cd-4058-bf6b-fddac2096623/resourceGroups/rg-ukg-app-tier/providers/Microsoft.Sql/servers/sql-ukg-app-4643",
            "short_term_retention_policy": [
              {
                "backup_interval_in_hours": 24,
                "retention_days": 7
              }
            ],
            "sku_name": "Basic",
            "storage_account_type": "Geo",
            "tags": {
              "Environment": "Development",
              "ManagedBy": "Terraform",
              "Project": "Azure UKG App Tier"
            },
            "threat_detection_policy": [
              {
                "disabled_alerts": [],
                "email_account_admins": "Disabled",
                "email_addresses": [],
                "retention_days": 0,
                "state": "Disabled",
                "storage_account_access_key": "",
                "storage_endpoint": ""
              }
            ],
            "timeouts": null,
            "transparent_data_encryption_enabled": true,
            "transparent_data_encryption_key_automatic_rotation_enabled": false,
            "transparent_data_encryption_key_vault_key_id": "",
            "zone_redundant": false
          },
          "sensitive_attributes": [
            [
              {
                "type": "get_attr",
                "value": "threat_detection_policy"
              },
              {
                "type": "index",
                "value": {
                  "value": 0,
                  "type": "number"
                }
              },
              {
                "type": "get_attr",
                "value": "storage_account_access_key"
              }
            ]
          ],
          "identity_schema_version": 0,
          "identity": {
            "name": "ukgdb",
            "resource_group_name": "rg-ukg-app-tier",
            "server_name": "sql-ukg-app-4643",
            "subscription_id": "fa790eea-37cd-4058-bf6b-fddac2096623"
          },
          "private": "eyJlMmJmYjczMC1lY2FhLTExZTYtOGY4OC0zNDM2M2JjN2M0YzAiOnsiY3JlYXRlIjozNjAwMDAwMDAwMDAwLCJkZWxldGUiOjM2MDAwMDAwMDAwMDAsInJlYWQiOjMwMDAwMDAwMDAwMCwidXBkYXRlIjozNjAwMDAwMDAwMDAwfSwic2NoZW1hX3ZlcnNpb24iOiIxIn0=",
          "dependencies": [
            "azurerm_mssql_server.database",
            "azurerm_resource_group.ukg",
            "random_integer.sql"
          ]
        }
      ]
    },
    {
      "mode": "managed",
      "type": "azurerm_mssql_server",
      "name": "database",
      "provider": "provider[\"registry.terraform.io/hashicorp/azurerm\"]",
      "instances": [
        {
          "schema_version": 0,
          "attributes": {
            "administrator_login": "sqladminuser",
            "administrator_login_password": "Novnovo07!",
            "administrator_login_password_wo": null,
            "administrator_login_password_wo_version": 0,
            "azuread_administrator": [],
            "connection_policy": "Default",
            "express_vulnerability_assessment_enabled": false,
            "fully_qualified_domain_name": "sql-ukg-app-4643.database.windows.net",
            "id": "/subscriptions/fa790eea-37cd-4058-bf6b-fddac2096623/resourceGroups/rg-ukg-app-tier/providers/Microsoft.Sql/servers/sql-ukg-app-4643",
            "identity": [],
            "location": "centralus",
            "minimum_tls_version": "1.2",
            "name": "sql-ukg-app-4643",
            "outbound_network_restriction_enabled": false,
            "primary_user_assigned_identity_id": "",
            "public_network_access_enabled": true,
            "resource_group_name": "rg-ukg-app-tier",
            "restorable_dropped_database_ids": [],
            "tags": {
              "Environment": "Development",
              "ManagedBy": "Terraform",
              "Project": "Azure UKG App Tier"
            },
            "timeouts": null,
            "transparent_data_encryption_key_vault_key_id": "",
            "version": "12.0"
          },
          "sensitive_attributes": [
            [
              {
                "type": "get_attr",
                "value": "administrator_login_password"
              }
            ],
            [
              {
                "type": "get_attr",
                "value": "administrator_login_password_wo"
              }
            ]
          ],
          "identity_schema_version": 0,
          "identity": {
            "name": "sql-ukg-app-4643",
            "resource_group_name": "rg-ukg-app-tier",
            "subscription_id": "fa790eea-37cd-4058-bf6b-fddac2096623"
          },
          "private": "eyJlMmJmYjczMC1lY2FhLTExZTYtOGY4OC0zNDM2M2JjN2M0YzAiOnsiY3JlYXRlIjozNjAwMDAwMDAwMDAwLCJkZWxldGUiOjM2MDAwMDAwMDAwMDAsInJlYWQiOjMwMDAwMDAwMDAwMCwidXBkYXRlIjozNjAwMDAwMDAwMDAwfX0=",
          "dependencies": [
            "azurerm_resource_group.ukg",
            "random_integer.sql"
          ]
        }
      ]
    },
    {
      "mode": "managed",
      "type": "azurerm_network_interface",
      "name": "application",
      "provider": "provider[\"registry.terraform.io/hashicorp/azurerm\"]",
      "instances": [
        {
          "schema_version": 0,
          "attributes": {
            "accelerated_networking_enabled": false,
            "applied_dns_servers": [],
            "auxiliary_mode": "",
            "auxiliary_sku": "",
            "dns_servers": [],
            "edge_zone": "",
            "id": "/subscriptions/fa790eea-37cd-4058-bf6b-fddac2096623/resourceGroups/rg-ukg-app-tier/providers/Microsoft.Network/networkInterfaces/nic-ukg-app",
            "internal_dns_name_label": "",
            "internal_domain_name_suffix": "kswasei3zecuvj2xnu2lszwtdc.gx.internal.cloudapp.net",
            "ip_configuration": [
              {
                "gateway_load_balancer_frontend_ip_configuration_id": "",
                "name": "internal",
                "primary": true,
                "private_ip_address": "10.0.2.4",
                "private_ip_address_allocation": "Dynamic",
                "private_ip_address_version": "IPv4",
                "public_ip_address_id": "/subscriptions/fa790eea-37cd-4058-bf6b-fddac2096623/resourceGroups/rg-ukg-app-tier/providers/Microsoft.Network/publicIPAddresses/pip-ukg-app",
                "subnet_id": "/subscriptions/fa790eea-37cd-4058-bf6b-fddac2096623/resourceGroups/rg-ukg-app-tier/providers/Microsoft.Network/virtualNetworks/vnet-ukg-app/subnets/snet-application"
              }
            ],
            "ip_forwarding_enabled": false,
            "location": "centralus",
            "mac_address": "00-0D-3A-96-41-46",
            "name": "nic-ukg-app",
            "private_ip_address": "10.0.2.4",
            "private_ip_addresses": [
              "10.0.2.4"
            ],
            "resource_group_name": "rg-ukg-app-tier",
            "tags": {
              "Environment": "Development",
              "ManagedBy": "Terraform",
              "Project": "Azure UKG App Tier"
            },
            "timeouts": null,
            "virtual_machine_id": "/subscriptions/fa790eea-37cd-4058-bf6b-fddac2096623/resourceGroups/rg-ukg-app-tier/providers/Microsoft.Compute/virtualMachines/vm-ukg-app"
          },
          "sensitive_attributes": [],
          "identity_schema_version": 0,
          "identity": {
            "name": "nic-ukg-app",
            "resource_group_name": "rg-ukg-app-tier",
            "subscription_id": "fa790eea-37cd-4058-bf6b-fddac2096623"
          },
          "private": "eyJlMmJmYjczMC1lY2FhLTExZTYtOGY4OC0zNDM2M2JjN2M0YzAiOnsiY3JlYXRlIjoxODAwMDAwMDAwMDAwLCJkZWxldGUiOjE4MDAwMDAwMDAwMDAsInJlYWQiOjMwMDAwMDAwMDAwMCwidXBkYXRlIjoxODAwMDAwMDAwMDAwfX0=",
          "dependencies": [
            "azurerm_public_ip.application",
            "azurerm_resource_group.ukg",
            "azurerm_subnet.application",
            "azurerm_virtual_network.ukg"
          ]
        }
      ]
    },
    {
      "mode": "managed",
      "type": "azurerm_network_security_group",
      "name": "application",
      "provider": "provider[\"registry.terraform.io/hashicorp/azurerm\"]",
      "instances": [
        {
          "schema_version": 0,
          "attributes": {
            "id": "/subscriptions/fa790eea-37cd-4058-bf6b-fddac2096623/resourceGroups/rg-ukg-app-tier/providers/Microsoft.Network/networkSecurityGroups/nsg-application",
            "location": "centralus",
            "name": "nsg-application",
            "resource_group_name": "rg-ukg-app-tier",
            "security_rule": [
              {
                "access": "Allow",
                "description": "",
                "destination_address_prefix": "*",
                "destination_address_prefixes": [],
                "destination_application_security_group_ids": [],
                "destination_port_range": "22",
                "destination_port_ranges": [],
                "direction": "Inbound",
                "name": "Allow-SSH",
                "priority": 110,
                "protocol": "Tcp",
                "source_address_prefix": "*",
                "source_address_prefixes": [],
                "source_application_security_group_ids": [],
                "source_port_range": "*",
                "source_port_ranges": []
              },
              {
                "access": "Allow",
                "description": "",
                "destination_address_prefix": "*",
                "destination_address_prefixes": [],
                "destination_application_security_group_ids": [],
                "destination_port_range": "80",
                "destination_port_ranges": [],
                "direction": "Inbound",
                "name": "Allow-HTTP",
                "priority": 100,
                "protocol": "Tcp",
                "source_address_prefix": "*",
                "source_address_prefixes": [],
                "source_application_security_group_ids": [],
                "source_port_range": "*",
                "source_port_ranges": []
              }
            ],
            "tags": {
              "Project": "Azure UKG App Tier"
            },
            "timeouts": null
          },
          "sensitive_attributes": [],
          "identity_schema_version": 0,
          "identity": {
            "name": "nsg-application",
            "resource_group_name": "rg-ukg-app-tier",
            "subscription_id": "fa790eea-37cd-4058-bf6b-fddac2096623"
          },
          "private": "eyJlMmJmYjczMC1lY2FhLTExZTYtOGY4OC0zNDM2M2JjN2M0YzAiOnsiY3JlYXRlIjoxODAwMDAwMDAwMDAwLCJkZWxldGUiOjE4MDAwMDAwMDAwMDAsInJlYWQiOjMwMDAwMDAwMDAwMCwidXBkYXRlIjoxODAwMDAwMDAwMDAwfX0=",
          "dependencies": [
            "azurerm_resource_group.ukg"
          ]
        }
      ]
    },
    {
      "mode": "managed",
      "type": "azurerm_network_security_group",
      "name": "database",
      "provider": "provider[\"registry.terraform.io/hashicorp/azurerm\"]",
      "instances": [
        {
          "schema_version": 0,
          "attributes": {
            "id": "/subscriptions/fa790eea-37cd-4058-bf6b-fddac2096623/resourceGroups/rg-ukg-app-tier/providers/Microsoft.Network/networkSecurityGroups/nsg-database",
            "location": "centralus",
            "name": "nsg-database",
            "resource_group_name": "rg-ukg-app-tier",
            "security_rule": [],
            "tags": {
              "Project": "Azure UKG App Tier"
            },
            "timeouts": null
          },
          "sensitive_attributes": [],
          "identity_schema_version": 0,
          "identity": {
            "name": "nsg-database",
            "resource_group_name": "rg-ukg-app-tier",
            "subscription_id": "fa790eea-37cd-4058-bf6b-fddac2096623"
          },
          "private": "eyJlMmJmYjczMC1lY2FhLTExZTYtOGY4OC0zNDM2M2JjN2M0YzAiOnsiY3JlYXRlIjoxODAwMDAwMDAwMDAwLCJkZWxldGUiOjE4MDAwMDAwMDAwMDAsInJlYWQiOjMwMDAwMDAwMDAwMCwidXBkYXRlIjoxODAwMDAwMDAwMDAwfX0=",
          "dependencies": [
            "azurerm_resource_group.ukg"
          ]
        }
      ]
    },
    {
      "mode": "managed",
      "type": "azurerm_private_endpoint",
      "name": "sql",
      "provider": "provider[\"registry.terraform.io/hashicorp/azurerm\"]",
      "instances": [
        {
          "schema_version": 0,
          "attributes": {
            "custom_dns_configs": [
              {
                "fqdn": "sql-ukg-app-4643.database.windows.net",
                "ip_addresses": [
                  "10.0.3.4"
                ]
              }
            ],
            "custom_network_interface_name": "",
            "id": "/subscriptions/fa790eea-37cd-4058-bf6b-fddac2096623/resourceGroups/rg-ukg-app-tier/providers/Microsoft.Network/privateEndpoints/pe-sql-ukg",
            "ip_configuration": [],
            "location": "centralus",
            "name": "pe-sql-ukg",
            "network_interface": [
              {
                "id": "/subscriptions/fa790eea-37cd-4058-bf6b-fddac2096623/resourceGroups/rg-ukg-app-tier/providers/Microsoft.Network/networkInterfaces/pe-sql-ukg.nic.ec972f7c-d378-45a3-a0ed-5476435a0fa4",
                "name": "pe-sql-ukg.nic.ec972f7c-d378-45a3-a0ed-5476435a0fa4"
              }
            ],
            "private_dns_zone_configs": [],
            "private_dns_zone_group": [],
            "private_service_connection": [
              {
                "is_manual_connection": false,
                "name": "sql-connection",
                "private_connection_resource_alias": "",
                "private_connection_resource_id": "/subscriptions/fa790eea-37cd-4058-bf6b-fddac2096623/resourceGroups/rg-ukg-app-tier/providers/Microsoft.Sql/servers/sql-ukg-app-4643",
                "private_ip_address": "10.0.3.4",
                "request_message": "",
                "subresource_names": [
                  "sqlServer"
                ]
              }
            ],
            "resource_group_name": "rg-ukg-app-tier",
            "subnet_id": "/subscriptions/fa790eea-37cd-4058-bf6b-fddac2096623/resourceGroups/rg-ukg-app-tier/providers/Microsoft.Network/virtualNetworks/vnet-ukg-app/subnets/snet-data",
            "tags": {
              "Environment": "Development",
              "ManagedBy": "Terraform",
              "Project": "Azure UKG App Tier"
            },
            "timeouts": null
          },
          "sensitive_attributes": [],
          "identity_schema_version": 0,
          "identity": {
            "name": "pe-sql-ukg",
            "resource_group_name": "rg-ukg-app-tier",
            "subscription_id": "fa790eea-37cd-4058-bf6b-fddac2096623"
          },
          "private": "eyJlMmJmYjczMC1lY2FhLTExZTYtOGY4OC0zNDM2M2JjN2M0YzAiOnsiY3JlYXRlIjozNjAwMDAwMDAwMDAwLCJkZWxldGUiOjM2MDAwMDAwMDAwMDAsInJlYWQiOjMwMDAwMDAwMDAwMCwidXBkYXRlIjozNjAwMDAwMDAwMDAwfX0=",
          "dependencies": [
            "azurerm_mssql_server.database",
            "azurerm_resource_group.ukg",
            "azurerm_subnet.data",
            "azurerm_virtual_network.ukg",
            "random_integer.sql"
          ]
        }
      ]
    },
    {
      "mode": "managed",
      "type": "azurerm_public_ip",
      "name": "application",
      "provider": "provider[\"registry.terraform.io/hashicorp/azurerm\"]",
      "instances": [
        {
          "schema_version": 0,
          "attributes": {
            "allocation_method": "Static",
            "ddos_protection_mode": "VirtualNetworkInherited",
            "ddos_protection_plan_id": null,
            "domain_name_label": "",
            "domain_name_label_scope": "",
            "edge_zone": "",
            "fqdn": "",
            "id": "/subscriptions/fa790eea-37cd-4058-bf6b-fddac2096623/resourceGroups/rg-ukg-app-tier/providers/Microsoft.Network/publicIPAddresses/pip-ukg-app",
            "idle_timeout_in_minutes": 4,
            "ip_address": "74.249.169.162",
            "ip_tags": {},
            "ip_version": "IPv4",
            "location": "centralus",
            "name": "pip-ukg-app",
            "public_ip_prefix_id": null,
            "resource_group_name": "rg-ukg-app-tier",
            "reverse_fqdn": "",
            "sku": "Standard",
            "sku_tier": "Regional",
            "tags": {
              "Environment": "Development",
              "ManagedBy": "Terraform",
              "Project": "Azure UKG App Tier"
            },
            "timeouts": null,
            "zones": []
          },
          "sensitive_attributes": [],
          "identity_schema_version": 0,
          "identity": {
            "name": "pip-ukg-app",
            "resource_group_name": "rg-ukg-app-tier",
            "subscription_id": "fa790eea-37cd-4058-bf6b-fddac2096623"
          },
          "private": "eyJlMmJmYjczMC1lY2FhLTExZTYtOGY4OC0zNDM2M2JjN2M0YzAiOnsiY3JlYXRlIjoxODAwMDAwMDAwMDAwLCJkZWxldGUiOjE4MDAwMDAwMDAwMDAsInJlYWQiOjMwMDAwMDAwMDAwMCwidXBkYXRlIjoxODAwMDAwMDAwMDAwfX0=",
          "dependencies": [
            "azurerm_resource_group.ukg"
          ]
        }
      ]
    },
    {
      "mode": "managed",
      "type": "azurerm_public_ip",
      "name": "application_gateway",
      "provider": "provider[\"registry.terraform.io/hashicorp/azurerm\"]",
      "instances": [
        {
          "schema_version": 0,
          "attributes": {
            "allocation_method": "Static",
            "ddos_protection_mode": "VirtualNetworkInherited",
            "ddos_protection_plan_id": null,
            "domain_name_label": "",
            "domain_name_label_scope": "",
            "edge_zone": "",
            "fqdn": "",
            "id": "/subscriptions/fa790eea-37cd-4058-bf6b-fddac2096623/resourceGroups/rg-ukg-app-tier/providers/Microsoft.Network/publicIPAddresses/pip-agw-ukg",
            "idle_timeout_in_minutes": 4,
            "ip_address": "135.119.63.154",
            "ip_tags": {},
            "ip_version": "IPv4",
            "location": "centralus",
            "name": "pip-agw-ukg",
            "public_ip_prefix_id": null,
            "resource_group_name": "rg-ukg-app-tier",
            "reverse_fqdn": "",
            "sku": "Standard",
            "sku_tier": "Regional",
            "tags": {},
            "timeouts": null,
            "zones": []
          },
          "sensitive_attributes": [],
          "identity_schema_version": 0,
          "identity": {
            "name": "pip-agw-ukg",
            "resource_group_name": "rg-ukg-app-tier",
            "subscription_id": "fa790eea-37cd-4058-bf6b-fddac2096623"
          },
          "private": "eyJlMmJmYjczMC1lY2FhLTExZTYtOGY4OC0zNDM2M2JjN2M0YzAiOnsiY3JlYXRlIjoxODAwMDAwMDAwMDAwLCJkZWxldGUiOjE4MDAwMDAwMDAwMDAsInJlYWQiOjMwMDAwMDAwMDAwMCwidXBkYXRlIjoxODAwMDAwMDAwMDAwfX0=",
          "dependencies": [
            "azurerm_resource_group.ukg"
          ]
        }
      ]
    },
    {
      "mode": "managed",
      "type": "azurerm_resource_group",
      "name": "ukg",
      "provider": "provider[\"registry.terraform.io/hashicorp/azurerm\"]",
      "instances": [
        {
          "schema_version": 0,
          "attributes": {
            "id": "/subscriptions/fa790eea-37cd-4058-bf6b-fddac2096623/resourceGroups/rg-ukg-app-tier",
            "location": "centralus",
            "managed_by": "",
            "name": "rg-ukg-app-tier",
            "tags": {
              "Environment": "Development",
              "ManagedBy": "Terraform",
              "Project": "Azure UKG App Tier"
            },
            "timeouts": null
          },
          "sensitive_attributes": [],
          "identity_schema_version": 0,
          "identity": {
            "name": "rg-ukg-app-tier",
            "subscription_id": "fa790eea-37cd-4058-bf6b-fddac2096623"
          },
          "private": "eyJlMmJmYjczMC1lY2FhLTExZTYtOGY4OC0zNDM2M2JjN2M0YzAiOnsiY3JlYXRlIjo1NDAwMDAwMDAwMDAwLCJkZWxldGUiOjU0MDAwMDAwMDAwMDAsInJlYWQiOjMwMDAwMDAwMDAwMCwidXBkYXRlIjo1NDAwMDAwMDAwMDAwfX0="
        }
      ]
    },
    {
      "mode": "managed",
      "type": "azurerm_subnet",
      "name": "application",
      "provider": "provider[\"registry.terraform.io/hashicorp/azurerm\"]",
      "instances": [
        {
          "schema_version": 0,
          "attributes": {
            "address_prefixes": [
              "10.0.2.0/24"
            ],
            "default_outbound_access_enabled": true,
            "delegation": [],
            "id": "/subscriptions/fa790eea-37cd-4058-bf6b-fddac2096623/resourceGroups/rg-ukg-app-tier/providers/Microsoft.Network/virtualNetworks/vnet-ukg-app/subnets/snet-application",
            "ip_address_pool": [],
            "name": "snet-application",
            "private_endpoint_network_policies": "Disabled",
            "private_link_service_network_policies_enabled": true,
            "resource_group_name": "rg-ukg-app-tier",
            "service_endpoint_policy_ids": [],
            "service_endpoints": [],
            "sharing_scope": "",
            "timeouts": null,
            "virtual_network_name": "vnet-ukg-app"
          },
          "sensitive_attributes": [],
          "identity_schema_version": 0,
          "identity": {
            "name": "snet-application",
            "resource_group_name": "rg-ukg-app-tier",
            "subscription_id": "fa790eea-37cd-4058-bf6b-fddac2096623",
            "virtual_network_name": "vnet-ukg-app"
          },
          "private": "eyJlMmJmYjczMC1lY2FhLTExZTYtOGY4OC0zNDM2M2JjN2M0YzAiOnsiY3JlYXRlIjoxODAwMDAwMDAwMDAwLCJkZWxldGUiOjE4MDAwMDAwMDAwMDAsInJlYWQiOjMwMDAwMDAwMDAwMCwidXBkYXRlIjoxODAwMDAwMDAwMDAwfX0=",
          "dependencies": [
            "azurerm_resource_group.ukg",
            "azurerm_virtual_network.ukg"
          ]
        }
      ]
    },
    {
      "mode": "managed",
      "type": "azurerm_subnet",
      "name": "application_gateway",
      "provider": "provider[\"registry.terraform.io/hashicorp/azurerm\"]",
      "instances": [
        {
          "schema_version": 0,
          "attributes": {
            "address_prefixes": [
              "10.0.1.0/24"
            ],
            "default_outbound_access_enabled": true,
            "delegation": [],
            "id": "/subscriptions/fa790eea-37cd-4058-bf6b-fddac2096623/resourceGroups/rg-ukg-app-tier/providers/Microsoft.Network/virtualNetworks/vnet-ukg-app/subnets/snet-application-gateway",
            "ip_address_pool": [],
            "name": "snet-application-gateway",
            "private_endpoint_network_policies": "Disabled",
            "private_link_service_network_policies_enabled": true,
            "resource_group_name": "rg-ukg-app-tier",
            "service_endpoint_policy_ids": [],
            "service_endpoints": [],
            "sharing_scope": "",
            "timeouts": null,
            "virtual_network_name": "vnet-ukg-app"
          },
          "sensitive_attributes": [],
          "identity_schema_version": 0,
          "identity": {
            "name": "snet-application-gateway",
            "resource_group_name": "rg-ukg-app-tier",
            "subscription_id": "fa790eea-37cd-4058-bf6b-fddac2096623",
            "virtual_network_name": "vnet-ukg-app"
          },
          "private": "eyJlMmJmYjczMC1lY2FhLTExZTYtOGY4OC0zNDM2M2JjN2M0YzAiOnsiY3JlYXRlIjoxODAwMDAwMDAwMDAwLCJkZWxldGUiOjE4MDAwMDAwMDAwMDAsInJlYWQiOjMwMDAwMDAwMDAwMCwidXBkYXRlIjoxODAwMDAwMDAwMDAwfX0=",
          "dependencies": [
            "azurerm_resource_group.ukg",
            "azurerm_virtual_network.ukg"
          ]
        }
      ]
    },
    {
      "mode": "managed",
      "type": "azurerm_subnet",
      "name": "data",
      "provider": "provider[\"registry.terraform.io/hashicorp/azurerm\"]",
      "instances": [
        {
          "schema_version": 0,
          "attributes": {
            "address_prefixes": [
              "10.0.3.0/24"
            ],
            "default_outbound_access_enabled": true,
            "delegation": [],
            "id": "/subscriptions/fa790eea-37cd-4058-bf6b-fddac2096623/resourceGroups/rg-ukg-app-tier/providers/Microsoft.Network/virtualNetworks/vnet-ukg-app/subnets/snet-data",
            "ip_address_pool": [],
            "name": "snet-data",
            "private_endpoint_network_policies": "Disabled",
            "private_link_service_network_policies_enabled": true,
            "resource_group_name": "rg-ukg-app-tier",
            "service_endpoint_policy_ids": [],
            "service_endpoints": [],
            "sharing_scope": "",
            "timeouts": null,
            "virtual_network_name": "vnet-ukg-app"
          },
          "sensitive_attributes": [],
          "identity_schema_version": 0,
          "identity": {
            "name": "snet-data",
            "resource_group_name": "rg-ukg-app-tier",
            "subscription_id": "fa790eea-37cd-4058-bf6b-fddac2096623",
            "virtual_network_name": "vnet-ukg-app"
          },
          "private": "eyJlMmJmYjczMC1lY2FhLTExZTYtOGY4OC0zNDM2M2JjN2M0YzAiOnsiY3JlYXRlIjoxODAwMDAwMDAwMDAwLCJkZWxldGUiOjE4MDAwMDAwMDAwMDAsInJlYWQiOjMwMDAwMDAwMDAwMCwidXBkYXRlIjoxODAwMDAwMDAwMDAwfX0=",
          "dependencies": [
            "azurerm_resource_group.ukg",
            "azurerm_virtual_network.ukg"
          ]
        }
      ]
    },
    {
      "mode": "managed",
      "type": "azurerm_subnet_network_security_group_association",
      "name": "application",
      "provider": "provider[\"registry.terraform.io/hashicorp/azurerm\"]",
      "instances": [
        {
          "schema_version": 0,
          "attributes": {
            "id": "/subscriptions/fa790eea-37cd-4058-bf6b-fddac2096623/resourceGroups/rg-ukg-app-tier/providers/Microsoft.Network/virtualNetworks/vnet-ukg-app/subnets/snet-application",
            "network_security_group_id": "/subscriptions/fa790eea-37cd-4058-bf6b-fddac2096623/resourceGroups/rg-ukg-app-tier/providers/Microsoft.Network/networkSecurityGroups/nsg-application",
            "subnet_id": "/subscriptions/fa790eea-37cd-4058-bf6b-fddac2096623/resourceGroups/rg-ukg-app-tier/providers/Microsoft.Network/virtualNetworks/vnet-ukg-app/subnets/snet-application",
            "timeouts": null
          },
          "sensitive_attributes": [],
          "identity_schema_version": 0,
          "private": "eyJlMmJmYjczMC1lY2FhLTExZTYtOGY4OC0zNDM2M2JjN2M0YzAiOnsiY3JlYXRlIjoxODAwMDAwMDAwMDAwLCJkZWxldGUiOjE4MDAwMDAwMDAwMDAsInJlYWQiOjMwMDAwMDAwMDAwMH19",
          "dependencies": [
            "azurerm_network_security_group.application",
            "azurerm_resource_group.ukg",
            "azurerm_subnet.application",
            "azurerm_virtual_network.ukg"
          ]
        }
      ]
    },
    {
      "mode": "managed",
      "type": "azurerm_virtual_network",
      "name": "ukg",
      "provider": "provider[\"registry.terraform.io/hashicorp/azurerm\"]",
      "instances": [
        {
          "schema_version": 0,
          "attributes": {
            "address_space": [
              "10.0.0.0/16"
            ],
            "bgp_community": "",
            "ddos_protection_plan": [],
            "dns_servers": [],
            "edge_zone": "",
            "encryption": [],
            "flow_timeout_in_minutes": 0,
            "guid": "1109ac54-c91d-4a05-a797-6d38b966d31a",
            "id": "/subscriptions/fa790eea-37cd-4058-bf6b-fddac2096623/resourceGroups/rg-ukg-app-tier/providers/Microsoft.Network/virtualNetworks/vnet-ukg-app",
            "ip_address_pool": [],
            "location": "centralus",
            "name": "vnet-ukg-app",
            "private_endpoint_vnet_policies": "Disabled",
            "resource_group_name": "rg-ukg-app-tier",
            "subnet": [
              {
                "address_prefixes": [
                  "10.0.1.0/24"
                ],
                "default_outbound_access_enabled": true,
                "delegation": [],
                "id": "/subscriptions/fa790eea-37cd-4058-bf6b-fddac2096623/resourceGroups/rg-ukg-app-tier/providers/Microsoft.Network/virtualNetworks/vnet-ukg-app/subnets/snet-application-gateway",
                "name": "snet-application-gateway",
                "private_endpoint_network_policies": "Disabled",
                "private_link_service_network_policies_enabled": true,
                "route_table_id": "",
                "security_group": "",
                "service_endpoint_policy_ids": [],
                "service_endpoints": []
              },
              {
                "address_prefixes": [
                  "10.0.2.0/24"
                ],
                "default_outbound_access_enabled": true,
                "delegation": [],
                "id": "/subscriptions/fa790eea-37cd-4058-bf6b-fddac2096623/resourceGroups/rg-ukg-app-tier/providers/Microsoft.Network/virtualNetworks/vnet-ukg-app/subnets/snet-application",
                "name": "snet-application",
                "private_endpoint_network_policies": "Disabled",
                "private_link_service_network_policies_enabled": true,
                "route_table_id": "",
                "security_group": "/subscriptions/fa790eea-37cd-4058-bf6b-fddac2096623/resourceGroups/rg-ukg-app-tier/providers/Microsoft.Network/networkSecurityGroups/nsg-application",
                "service_endpoint_policy_ids": [],
                "service_endpoints": []
              },
              {
                "address_prefixes": [
                  "10.0.3.0/24"
                ],
                "default_outbound_access_enabled": true,
                "delegation": [],
                "id": "/subscriptions/fa790eea-37cd-4058-bf6b-fddac2096623/resourceGroups/rg-ukg-app-tier/providers/Microsoft.Network/virtualNetworks/vnet-ukg-app/subnets/snet-data",
                "name": "snet-data",
                "private_endpoint_network_policies": "Disabled",
                "private_link_service_network_policies_enabled": true,
                "route_table_id": "",
                "security_group": "",
                "service_endpoint_policy_ids": [],
                "service_endpoints": []
              }
            ],
            "tags": {
              "Environment": "Development",
              "ManagedBy": "Terraform",
              "Project": "Azure UKG App Tier"
            },
            "timeouts": null
          },
          "sensitive_attributes": [],
          "identity_schema_version": 0,
          "identity": {
            "name": "vnet-ukg-app",
            "resource_group_name": "rg-ukg-app-tier",
            "subscription_id": "fa790eea-37cd-4058-bf6b-fddac2096623"
          },
          "private": "eyJlMmJmYjczMC1lY2FhLTExZTYtOGY4OC0zNDM2M2JjN2M0YzAiOnsiY3JlYXRlIjoxODAwMDAwMDAwMDAwLCJkZWxldGUiOjE4MDAwMDAwMDAwMDAsInJlYWQiOjMwMDAwMDAwMDAwMCwidXBkYXRlIjoxODAwMDAwMDAwMDAwfX0=",
          "dependencies": [
            "azurerm_resource_group.ukg"
          ]
        }
      ]
    },
    {
      "mode": "managed",
      "type": "random_integer",
      "name": "sql",
      "provider": "provider[\"registry.terraform.io/hashicorp/random\"]",
      "instances": [
        {
          "schema_version": 0,
          "attributes": {
            "id": "4643",
            "keepers": null,
            "max": 9999,
            "min": 1000,
            "result": 4643,
            "seed": null
          },
          "sensitive_attributes": [],
          "identity_schema_version": 0
        }
      ]
    }
  ],
  "check_results": null
}
